{
  "nodes": {
    "nixpkgs": {
      "locked": {
        "lastModified": 1787736819,
        "narHash": "sha256-cV5xEJJK3BvhU8rEd4mC9UsmDi5qscv/kzGPhBRC5WA=",
        "owner": "NixOS",
        "repo": "nixpkgs",
        "rev": "9fbb54b33e91ee4ca368e35a78e0613c720600b3",
        "type": "github"
      },
      "original": {
        "owner": "NixOS",
        "ref": "nixos-unstable",
        "repo": "nixpkgs",
        "type": "github"
      }
    },
    "root": {
      "inputs": {
        "nixpkgs": "nixpkgs",
        "tabler-icons": "tabler-icons"
      }
    },
    "tabler-icons": {
      "flake": false,
      "locked": {
        "lastModified": 1787176591,
        "narHash": "sha256-3pYWRV5bhqXWQzJgAWUtQuyp+jR8wZP9pqpke7XEJTw=",
        "owner": "tabler",
        "repo": "tabler-icons",
        "rev": "5a0fe38e97784d94279ce4eb1bf85f9a91bf027e",
        "type": "github"
      },
      "original": {
        "owner": "tabler",
        "repo": "tabler-icons",
        "type": "github"
      }
    }
  },
  "root": "root",
  "version": 7
}
