{
  "nodes": {
    "nixpkgs": {
      "locked": {
        "lastModified": 1787498568,
        "narHash": "sha256-9i/VTdusq/+NM/tz+J1Re+ojkMB8MBf0QshnYfzHz30=",
        "owner": "NixOS",
        "repo": "nixpkgs",
        "rev": "56c02bc00adcf003215cc4bd996d6efaf4cff188",
        "type": "github"
      },
      "original": {
        "owner": "NixOS",
        "ref": "nixos-unstable",
        "repo": "nixpkgs",
        "type": "github"
      }
    },
    "root": {
      "inputs": {
        "nixpkgs": "nixpkgs",
        "tabler-icons": "tabler-icons"
      }
    },
    "tabler-icons": {
      "flake": false,
      "locked": {
        "lastModified": 1787176591,
        "narHash": "sha256-3pYWRV5bhqXWQzJgAWUtQuyp+jR8wZP9pqpke7XEJTw=",
        "owner": "tabler",
        "repo": "tabler-icons",
        "rev": "5a0fe38e97784d94279ce4eb1bf85f9a91bf027e",
        "type": "github"
      },
      "original": {
        "owner": "tabler",
        "repo": "tabler-icons",
        "type": "github"
      }
    }
  },
  "root": "root",
  "version": 7
}
